
Microsoft Visual Studio Solution File, Format Version 12.00
# Visual Studio Version 17
VisualStudioVersion = 17.6.33815.320
MinimumVisualStudioVersion = 10.0.40219.1
Project("{FAE04EC0-301F-11D3-BF4B-00C04F79EFBC}") = "web_api_gyak", "web_api_gyak\web_api_gyak.csproj", "{A0B7CFED-748D-4138-A72E-7CAD0C25C752}"
EndProject
Global
	GlobalSection(SolutionConfigurationPlatforms) = preSolution
		Debug|Any CPU = Debug|Any CPU
		Release|Any CPU = Release|Any CPU
	EndGlobalSection
	GlobalSection(ProjectConfigurationPlatforms) = postSolution
		{A0B7CFED-748D-4138-A72E-7CAD0C25C752}.Debug|Any CPU.ActiveCfg = Debug|Any CPU
		{A0B7CFED-748D-4138-A72E-7CAD0C25C752}.Debug|Any CPU.Build.0 = Debug|Any CPU
		{A0B7CFED-748D-4138-A72E-7CAD0C25C752}.Release|Any CPU.ActiveCfg = Release|Any CPU
		{A0B7CFED-748D-4138-A72E-7CAD0C25C752}.Release|Any CPU.Build.0 = Release|Any CPU
	EndGlobalSection
	GlobalSection(SolutionProperties) = preSolution
		HideSolutionNode = FALSE
	EndGlobalSection
	GlobalSection(ExtensibilityGlobals) = postSolution
		SolutionGuid = {F79AD471-DEB8-471B-AECA-089C8B98BD5C}
	EndGlobalSection
EndGlobal
